
Microsoft Visual Studio Solution File, Format Version 12.00
# Visual Studio Express 2013 for Web
VisualStudioVersion = 12.0.40629.0
MinimumVisualStudioVersion = 10.0.40219.1
Project("{FAE04EC0-301F-11D3-BF4B-00C04F79EFBC}") = "MyPersonalBlog", "MyPersonalBlog\MyPersonalBlog.csproj", "{877597AD-EDBF-4918-BF1D-2F9700105980}"
EndProject
Project("{FAE04EC0-301F-11D3-BF4B-00C04F79EFBC}") = "MyPersonalBlog.Tests", "MyPersonalBlog.Tests\MyPersonalBlog.Tests.csproj", "{F9817800-4402-41D4-ADBC-2E36BCE278FB}"
EndProject
Global
	GlobalSection(SolutionConfigurationPlatforms) = preSolution
		Debug|Any CPU = Debug|Any CPU
		Release|Any CPU = Release|Any CPU
	EndGlobalSection
	GlobalSection(ProjectConfigurationPlatforms) = postSolution
		{877597AD-EDBF-4918-BF1D-2F9700105980}.Debug|Any CPU.ActiveCfg = Debug|Any CPU
		{877597AD-EDBF-4918-BF1D-2F9700105980}.Debug|Any CPU.Build.0 = Debug|Any CPU
		{877597AD-EDBF-4918-BF1D-2F9700105980}.Release|Any CPU.ActiveCfg = Release|Any CPU
		{877597AD-EDBF-4918-BF1D-2F9700105980}.Release|Any CPU.Build.0 = Release|Any CPU
		{F9817800-4402-41D4-ADBC-2E36BCE278FB}.Debug|Any CPU.ActiveCfg = Debug|Any CPU
		{F9817800-4402-41D4-ADBC-2E36BCE278FB}.Debug|Any CPU.Build.0 = Debug|Any CPU
		{F9817800-4402-41D4-ADBC-2E36BCE278FB}.Release|Any CPU.ActiveCfg = Release|Any CPU
		{F9817800-4402-41D4-ADBC-2E36BCE278FB}.Release|Any CPU.Build.0 = Release|Any CPU
	EndGlobalSection
	GlobalSection(SolutionProperties) = preSolution
		HideSolutionNode = FALSE
	EndGlobalSection
EndGlobal
